{
    "_meta": {
        "hash": {
            "sha256": "0e120892e832e8b76faa321dfe89c434016f9d29056cb6f8ecd1cf2dae86895b"
        },
        "pipfile-spec": 6,
        "requires": {
            "python_version": "3.6"
        },
        "sources": [
            {
                "name": "pypi",
                "url": "https://pypi.python.org/simple",
                "verify_ssl": true
            }
        ]
    },
    "default": {
        "e1839a8": {
            "editable": true,
            "path": "."
        }
    },
    "develop": {}
}
